
Microsoft Visual Studio Solution File, Format Version 12.00
# Visual Studio Version 17
VisualStudioVersion = 17.5.33424.131
MinimumVisualStudioVersion = 10.0.40219.1
Project("{FAE04EC0-301F-11D3-BF4B-00C04F79EFBC}") = "TVMazeApp", "TVMazeApp\TVMazeApp.csproj", "{30CA9DEA-E90F-4982-9AE3-E36C4849371A}"
EndProject
Global
	GlobalSection(SolutionConfigurationPlatforms) = preSolution
		Debug|Any CPU = Debug|Any CPU
		Release|Any CPU = Release|Any CPU
	EndGlobalSection
	GlobalSection(ProjectConfigurationPlatforms) = postSolution
		{30CA9DEA-E90F-4982-9AE3-E36C4849371A}.Debug|Any CPU.ActiveCfg = Debug|Any CPU
		{30CA9DEA-E90F-4982-9AE3-E36C4849371A}.Debug|Any CPU.Build.0 = Debug|Any CPU
		{30CA9DEA-E90F-4982-9AE3-E36C4849371A}.Release|Any CPU.ActiveCfg = Release|Any CPU
		{30CA9DEA-E90F-4982-9AE3-E36C4849371A}.Release|Any CPU.Build.0 = Release|Any CPU
	EndGlobalSection
	GlobalSection(SolutionProperties) = preSolution
		HideSolutionNode = FALSE
	EndGlobalSection
	GlobalSection(ExtensibilityGlobals) = postSolution
		SolutionGuid = {10E520C8-1212-463F-8BEB-F58DDDB95687}
	EndGlobalSection
EndGlobal
